{
	"requires": true,
	"lockfileVersion": 1,
	"dependencies": {
		"@material/animation": {
			"version": "0.41.0",
			"resolved": "https://registry.npmjs.org/@material/animation/-/animation-0.41.0.tgz",
			"integrity": "sha512-yYAwJbX3Q2AFd4dr6IYOsWLQy2HN8zWOFVl9AbUXunjzTfJCa/ecfXCriaT6qkmoNoHeTdJHRrsQJZC5GsPvzA=="
		},
		"@material/auto-init": {
			"version": "0.41.0",
			"resolved": "https://registry.npmjs.org/@material/auto-init/-/auto-init-0.41.0.tgz",
			"integrity": "sha512-jp6L8MpYu7DudgDfA8iTyD9BwQrYPEDsIJGbqzN9vcCBl5FoBatkB8pcFXKr+1mRBk7T1Qmf6+H5nDtxyXjHEQ=="
		},
		"@material/base": {
			"version": "0.41.0",
			"resolved": "https://registry.npmjs.org/@material/base/-/base-0.41.0.tgz",
			"integrity": "sha512-tEyzwBRu3d1H120SfKsDVYZHcqT5lKohh/7cWKR93aAaPDkSvjpKJIjyu2yuSkjpDduVZGzVocYbOvhUKhhzXQ=="
		},
		"@material/button": {
			"version": "0.41.0",
			"resolved": "https://registry.npmjs.org/@material/button/-/button-0.41.0.tgz",
			"integrity": "sha512-9mA/7P8yD3YPJ8ijwu0oOiT65OCa8Km3M9OF6VAsBE+XJS9Wo5hWDMgkv16raeOFeXj+1ALsjvuTz31JdcSkgQ==",
			"requires": {
				"@material/elevation": "^0.41.0",
				"@material/ripple": "^0.41.0",
				"@material/rtl": "^0.40.1",
				"@material/shape": "^0.41.0",
				"@material/theme": "^0.41.0",
				"@material/typography": "^0.41.0"
			}
		},
		"@material/card": {
			"version": "0.41.1",
			"resolved": "https://registry.npmjs.org/@material/card/-/card-0.41.1.tgz",
			"integrity": "sha512-0L3BkkHK9qRXNh9MOK4XkCYHmZcqwLK5gACIWSLDOjEefmifBeahJeDJSYLVHS9KWl43glIGSrpNGjyXs19mCQ==",
			"requires": {
				"@material/elevation": "^0.41.0",
				"@material/ripple": "^0.41.0",
				"@material/rtl": "^0.40.1",
				"@material/shape": "^0.41.0",
				"@material/theme": "^0.41.0"
			}
		},
		"@material/checkbox": {
			"version": "0.41.0",
			"resolved": "https://registry.npmjs.org/@material/checkbox/-/checkbox-0.41.0.tgz",
			"integrity": "sha512-Zz6e5WRpziO7Z+4rbEs8GHNNBf1UuttniLp6/RvwPSQRaD8G04sdg4HcP/aDCY1KGMwivkuDPc2Bsgs6j+rD7Q==",
			"requires": {
				"@material/animation": "^0.41.0",
				"@material/base": "^0.41.0",
				"@material/ripple": "^0.41.0",
				"@material/rtl": "^0.40.1",
				"@material/selection-control": "^0.41.0",
				"@material/theme": "^0.41.0"
			}
		},
		"@material/chips": {
			"version": "0.41.0",
			"resolved": "https://registry.npmjs.org/@material/chips/-/chips-0.41.0.tgz",
			"integrity": "sha512-Z2q01n4JdRR2f2fdYNCftmgu0M8wu8PZUeQTK3e3zVkQyRdmXcbqMbLHRawVWuXORC8/mIA6tuTtOEqle/Qj9w==",
			"requires": {
				"@material/animation": "^0.41.0",
				"@material/base": "^0.41.0",
				"@material/checkbox": "^0.41.0",
				"@material/elevation": "^0.41.0",
				"@material/ripple": "^0.41.0",
				"@material/shape": "^0.41.0",
				"@material/theme": "^0.41.0",
				"@material/typography": "^0.41.0"
			}
		},
		"@material/dialog": {
			"version": "0.41.0",
			"resolved": "https://registry.npmjs.org/@material/dialog/-/dialog-0.41.0.tgz",
			"integrity": "sha512-IhRMGTr/41/D0lhagvshCtzI4d9+ynE7FFjpQXc6GU81pHHGt0eYt5vQl3Z/DsatOCdBd+Nc3YDTyJX8OA+8CQ==",
			"requires": {
				"@material/animation": "^0.41.0",
				"@material/base": "^0.41.0",
				"@material/dom": "^0.41.0",
				"@material/elevation": "^0.41.0",
				"@material/ripple": "^0.41.0",
				"@material/rtl": "^0.40.1",
				"@material/shape": "^0.41.0",
				"@material/theme": "^0.41.0",
				"@material/typography": "^0.41.0",
				"focus-trap": "^2.3.0"
			}
		},
		"@material/dom": {
			"version": "0.41.0",
			"resolved": "https://registry.npmjs.org/@material/dom/-/dom-0.41.0.tgz",
			"integrity": "sha512-wOJrMwjPddYXpQFZAIaCLWI3TO/6KU1lxESTBzunni8A4FHQVWhokml5Xt85GqZwmPFeIF2s+D0wfbWyrGBuKQ=="
		},
		"@material/drawer": {
			"version": "0.41.1",
			"resolved": "https://registry.npmjs.org/@material/drawer/-/drawer-0.41.1.tgz",
			"integrity": "sha512-4t9ARGaIg8jpXIqD8hy4kcZ0hsF7y25gk2jNQAYG8ukQuDgbenjydlNFnC+I/eWBVIKqnVBlens+4ZUns+n3hg==",
			"requires": {
				"@material/animation": "^0.41.0",
				"@material/base": "^0.41.0",
				"@material/elevation": "^0.41.0",
				"@material/list": "^0.41.0",
				"@material/ripple": "^0.41.0",
				"@material/rtl": "^0.40.1",
				"@material/shape": "^0.41.0",
				"@material/theme": "^0.41.0",
				"@material/typography": "^0.41.0",
				"focus-trap": "^3.0.0"
			},
			"dependencies": {
				"focus-trap": {
					"version": "3.0.0",
					"resolved": "https://registry.npmjs.org/focus-trap/-/focus-trap-3.0.0.tgz",
					"integrity": "sha512-jTFblf0tLWbleGjj2JZsAKbgtZTdL1uC48L8FcmSDl4c2vDoU4NycN1kgV5vJhuq1mxNFkw7uWZ1JAGlINWvyw==",
					"requires": {
						"tabbable": "^3.1.0",
						"xtend": "^4.0.1"
					}
				},
				"tabbable": {
					"version": "3.1.1",
					"resolved": "https://registry.npmjs.org/tabbable/-/tabbable-3.1.1.tgz",
					"integrity": "sha512-583MHIOwictf7+zbxqO/L5fBqMN6Li4SJ1XTKQA9WzHRA7c2BB+D+Ny7Y6kGqU2u+rHK59+oRzrBvMU53aZz+A=="
				}
			}
		},
		"@material/elevation": {
			"version": "0.41.0",
			"resolved": "https://registry.npmjs.org/@material/elevation/-/elevation-0.41.0.tgz",
			"integrity": "sha512-ZtZS8z5ie9c7Cx5PVudgSorGYa0C3lu3dA+Nn6qJdhGUokl01msh54NfNuwk+EZsk65bNRRqw1Td/63TCbKIzg==",
			"requires": {
				"@material/animation": "^0.41.0",
				"@material/theme": "^0.41.0"
			}
		},
		"@material/fab": {
			"version": "0.41.0",
			"resolved": "https://registry.npmjs.org/@material/fab/-/fab-0.41.0.tgz",
			"integrity": "sha512-SY/XhkFqlbT8byz0wVJF6vPoGQQRwcTpA7toK1WexW87tSme8KE17yAGJxsZYzIOOFZqW1xF+aDajWdaWyDZdQ==",
			"requires": {
				"@material/animation": "^0.41.0",
				"@material/elevation": "^0.41.0",
				"@material/ripple": "^0.41.0",
				"@material/rtl": "^0.40.1",
				"@material/shape": "^0.41.0",
				"@material/theme": "^0.41.0",
				"@material/typography": "^0.41.0"
			}
		},
		"@material/floating-label": {
			"version": "0.41.0",
			"resolved": "https://registry.npmjs.org/@material/floating-label/-/floating-label-0.41.0.tgz",
			"integrity": "sha512-qI6f1nZU3crXxWAI9fw3U5fHw2qOzEor49EvskbcaV5KSRW5qO+jtfUQ3ib/Vhki7lqhgwNHB/0n7KYhvhjRHQ==",
			"requires": {
				"@material/animation": "^0.41.0",
				"@material/base": "^0.41.0",
				"@material/rtl": "^0.40.1",
				"@material/theme": "^0.41.0",
				"@material/typography": "^0.41.0"
			}
		},
		"@material/form-field": {
			"version": "0.41.0",
			"resolved": "https://registry.npmjs.org/@material/form-field/-/form-field-0.41.0.tgz",
			"integrity": "sha512-vNduTfxS1KHCt/NATfX56m7iSXqcemrDq3NMX0txijUQyZ3Sr4xdUQdys+2ky/rBuQTVqBBsc9ixIyHehECaoQ==",
			"requires": {
				"@material/base": "^0.41.0",
				"@material/rtl": "^0.40.1",
				"@material/selection-control": "^0.41.0",
				"@material/theme": "^0.41.0",
				"@material/typography": "^0.41.0"
			}
		},
		"@material/grid-list": {
			"version": "0.41.0",
			"resolved": "https://registry.npmjs.org/@material/grid-list/-/grid-list-0.41.0.tgz",
			"integrity": "sha512-vs0UyvfswW/nyPAoYLRIWEvMmfZUSKVOUSTnHC+PsZ5aXTwGCiCdUugMZdQVhPp9NkxW5mqmCCVroD5eH/yd4g==",
			"requires": {
				"@material/base": "^0.41.0",
				"@material/rtl": "^0.40.1",
				"@material/theme": "^0.41.0",
				"@material/typography": "^0.41.0"
			}
		},
		"@material/icon-button": {
			"version": "0.41.0",
			"resolved": "https://registry.npmjs.org/@material/icon-button/-/icon-button-0.41.0.tgz",
			"integrity": "sha512-RzGSH97aUcTW4he+uU8ahT75DEn6+29L0hH4PBKe03/R/qHFfOrWfjfd03PPiCkaT5SNkPkt1YnfEPqKolnH1Q==",
			"requires": {
				"@material/base": "^0.41.0",
				"@material/ripple": "^0.41.0",
				"@material/theme": "^0.41.0"
			}
		},
		"@material/icon-toggle": {
			"version": "0.41.0",
			"resolved": "https://registry.npmjs.org/@material/icon-toggle/-/icon-toggle-0.41.0.tgz",
			"integrity": "sha512-kNB5mRwCtppNYqcMWZM1vbCymjiWTaWFMGrVSMy++y0a6BU1YAJSnDyw+8Yr0PINGcU5+ecwEYdNsaY8K83enw==",
			"requires": {
				"@material/animation": "^0.41.0",
				"@material/base": "^0.41.0",
				"@material/ripple": "^0.41.0",
				"@material/theme": "^0.41.0"
			}
		},
		"@material/image-list": {
			"version": "0.41.0",
			"resolved": "https://registry.npmjs.org/@material/image-list/-/image-list-0.41.0.tgz",
			"integrity": "sha512-j3V51PYdfhHB6CWfy076BYT4jHJMqQ86zOpv2OtsjexDc3JPQImB/v/+y018tyDCGOuwjWLoCUi+szTbtzCeQA==",
			"requires": {
				"@material/shape": "^0.41.0",
				"@material/theme": "^0.41.0",
				"@material/typography": "^0.41.0"
			}
		},
		"@material/layout-grid": {
			"version": "0.39.0",
			"resolved": "https://registry.npmjs.org/@material/layout-grid/-/layout-grid-0.39.0.tgz",
			"integrity": "sha512-F2V7cf7pJtlDyHKJJ1u7Xn6JWfiY7bFbg33QnhRXYTAhDF5aEcFPeSh9CK8ZZZ4Bom9gzfms2VXWXClbfQgE2Q=="
		},
		"@material/line-ripple": {
			"version": "0.41.0",
			"resolved": "https://registry.npmjs.org/@material/line-ripple/-/line-ripple-0.41.0.tgz",
			"integrity": "sha512-5DDIoC3d78fCLhNgle7DRFojT3D2SF+XVpUd3g6yLZmybHB7832p4bgl/qGpbIXwk1wAQA1dkUgKH5foxorjNQ==",
			"requires": {
				"@material/animation": "^0.41.0",
				"@material/base": "^0.41.0",
				"@material/theme": "^0.41.0"
			}
		},
		"@material/linear-progress": {
			"version": "0.41.0",
			"resolved": "https://registry.npmjs.org/@material/linear-progress/-/linear-progress-0.41.0.tgz",
			"integrity": "sha512-yWnJK58QfovYNJXANGfKWcyC5k9IqBFvygYa2EYQSH/MZbIvd84+MIn0fJO9xsRza79BA8Xh2tFIdTFy4+2Ctg==",
			"requires": {
				"@material/animation": "^0.41.0",
				"@material/base": "^0.41.0",
				"@material/theme": "^0.41.0"
			}
		},
		"@material/list": {
			"version": "0.41.0",
			"resolved": "https://registry.npmjs.org/@material/list/-/list-0.41.0.tgz",
			"integrity": "sha512-HhYN0I02CTT8j91c1eeeI+L2KXVKdfzj0Zuapp2SdeCmQZLJO2tu2NYj0W6REBDTVBWBccr12Sn8o71CodEScQ==",
			"requires": {
				"@material/base": "^0.41.0",
				"@material/dom": "^0.41.0",
				"@material/ripple": "^0.41.0",
				"@material/rtl": "^0.40.1",
				"@material/shape": "^0.41.0",
				"@material/theme": "^0.41.0",
				"@material/typography": "^0.41.0"
			}
		},
		"@material/menu": {
			"version": "0.41.0",
			"resolved": "https://registry.npmjs.org/@material/menu/-/menu-0.41.0.tgz",
			"integrity": "sha512-w8UFEnTWzOWl1hRx06tFBqAY4I0vYmbDIVwxO8g1CIgQkfG2dIXjJUfVvlYf9NzZ0VOyyKMh69MmMA5KP+HgAw==",
			"requires": {
				"@material/base": "^0.41.0",
				"@material/list": "^0.41.0",
				"@material/menu-surface": "^0.41.0",
				"@material/ripple": "^0.41.0",
				"@material/rtl": "^0.40.1"
			}
		},
		"@material/menu-surface": {
			"version": "0.41.0",
			"resolved": "https://registry.npmjs.org/@material/menu-surface/-/menu-surface-0.41.0.tgz",
			"integrity": "sha512-HiGFrEIF8DCfEtS8mRtc6MCcK2CJNCh0U6KWWeSIXv+9nW2oiN09piuULXM7aU46wETvfweVcgvHNJvBAXnXjQ==",
			"requires": {
				"@material/animation": "^0.41.0",
				"@material/base": "^0.41.0",
				"@material/elevation": "^0.41.0",
				"@material/rtl": "^0.40.1",
				"@material/shape": "^0.41.0",
				"@material/theme": "^0.41.0"
			}
		},
		"@material/notched-outline": {
			"version": "0.41.0",
			"resolved": "https://registry.npmjs.org/@material/notched-outline/-/notched-outline-0.41.0.tgz",
			"integrity": "sha512-nQBkOXvkd5G9FeJ9UuecZh88WRgTsnGVvfj7UFJZEkvkzZwLBGUiJS6fF9FYraih3ZFgmphdbJxXEd9af3cqyQ==",
			"requires": {
				"@material/animation": "^0.41.0",
				"@material/base": "^0.41.0",
				"@material/rtl": "^0.40.1",
				"@material/shape": "^0.41.0",
				"@material/theme": "^0.41.0"
			}
		},
		"@material/radio": {
			"version": "0.41.0",
			"resolved": "https://registry.npmjs.org/@material/radio/-/radio-0.41.0.tgz",
			"integrity": "sha512-nJvVVu2x2lAttUNnJczpZzKWK+3lEw/BOYsSLVSYp1qUlIQsOfQ6aItI7URokbLkQDqDqlsNmvGP5JJv/Cpksw==",
			"requires": {
				"@material/animation": "^0.41.0",
				"@material/base": "^0.41.0",
				"@material/ripple": "^0.41.0",
				"@material/selection-control": "^0.41.0",
				"@material/theme": "^0.41.0"
			}
		},
		"@material/ripple": {
			"version": "0.41.0",
			"resolved": "https://registry.npmjs.org/@material/ripple/-/ripple-0.41.0.tgz",
			"integrity": "sha512-rxEUVWM4AByDlTCH0kkthZQmUuY6eeN0X6cOHBoioFN2vUDk0D0Nfzz/N9FF2AlAf8C2lDDLrTuqnJPVIn+NHA==",
			"requires": {
				"@material/animation": "^0.41.0",
				"@material/base": "^0.41.0",
				"@material/theme": "^0.41.0"
			}
		},
		"@material/rtl": {
			"version": "0.40.1",
			"resolved": "https://registry.npmjs.org/@material/rtl/-/rtl-0.40.1.tgz",
			"integrity": "sha512-Pk6Iw1/KrhWZoZtkDsPMDUW0bm7Z1zeXb3MTQRCFmjf1wU5cRxgOTtuoZLcJqlcKGppLAzJL/TJV3E7KEiuL0A=="
		},
		"@material/select": {
			"version": "0.41.0",
			"resolved": "https://registry.npmjs.org/@material/select/-/select-0.41.0.tgz",
			"integrity": "sha512-MAU/EHGT1QmBlDvvKI1X7M0ua9w8RqP0UjDMkFxhyfA9tv7ZBS7u/z2/GBb9DUzFu2rKu9DCQ5B+GLBglukfAg==",
			"requires": {
				"@material/animation": "^0.41.0",
				"@material/base": "^0.41.0",
				"@material/floating-label": "^0.41.0",
				"@material/line-ripple": "^0.41.0",
				"@material/menu": "^0.41.0",
				"@material/menu-surface": "^0.41.0",
				"@material/notched-outline": "^0.41.0",
				"@material/ripple": "^0.41.0",
				"@material/rtl": "^0.40.1",
				"@material/shape": "^0.41.0",
				"@material/theme": "^0.41.0",
				"@material/typography": "^0.41.0"
			}
		},
		"@material/selection-control": {
			"version": "0.41.0",
			"resolved": "https://registry.npmjs.org/@material/selection-control/-/selection-control-0.41.0.tgz",
			"integrity": "sha512-rRHGiZVPoP4nxAAoeqsgTsxz9GwInGs7HIlEhPfMFygmSZVUHHsuOJXSTpOKYi8GCoKHpB0RKZsAtxM0BYAelw==",
			"requires": {
				"@material/ripple": "^0.41.0"
			}
		},
		"@material/shape": {
			"version": "0.41.0",
			"resolved": "https://registry.npmjs.org/@material/shape/-/shape-0.41.0.tgz",
			"integrity": "sha512-k1K3CjOVxclfb/0r28cOa2oJpP7QMA2fP0SOS3Vh8ale5Q2jkaHTL60KX8VkHvV6rMqShpXW+60gPjoz5XRbDQ=="
		},
		"@material/slider": {
			"version": "0.41.0",
			"resolved": "https://registry.npmjs.org/@material/slider/-/slider-0.41.0.tgz",
			"integrity": "sha512-u+riWFMeEiczu9bv+Am+28ICX6ba8S55Z+c5JUFtegZNILC76DAuYe++jy0huZw4j/RJXq8hDtj4wJQwvaFTyw==",
			"requires": {
				"@material/animation": "^0.41.0",
				"@material/base": "^0.41.0",
				"@material/rtl": "^0.40.1",
				"@material/theme": "^0.41.0",
				"@material/typography": "^0.41.0"
			}
		},
		"@material/snackbar": {
			"version": "0.41.0",
			"resolved": "https://registry.npmjs.org/@material/snackbar/-/snackbar-0.41.0.tgz",
			"integrity": "sha512-z44BspVFD4B3p651sF0sHYCdQXNdPJR/MkHkrHT8bXnEql7B8qpBsGRKgnPzm1kbAjG5jPkdbbwhbH04WR/0IQ==",
			"requires": {
				"@material/animation": "^0.41.0",
				"@material/base": "^0.41.0",
				"@material/rtl": "^0.40.1",
				"@material/theme": "^0.41.0",
				"@material/typography": "^0.41.0"
			}
		},
		"@material/switch": {
			"version": "0.41.0",
			"resolved": "https://registry.npmjs.org/@material/switch/-/switch-0.41.0.tgz",
			"integrity": "sha512-8YTrn1oisUhp6DlB1XAPeFWVr5nD88jlq9FoTVQOtGaUxaEybQD0nrsYI7OwaVm4HvSnepd2zmMvbjXKbQX4XQ==",
			"requires": {
				"@material/animation": "^0.41.0",
				"@material/base": "^0.41.0",
				"@material/elevation": "^0.41.0",
				"@material/ripple": "^0.41.0",
				"@material/rtl": "^0.40.1",
				"@material/selection-control": "^0.41.0",
				"@material/theme": "^0.41.0"
			}
		},
		"@material/tab": {
			"version": "0.41.0",
			"resolved": "https://registry.npmjs.org/@material/tab/-/tab-0.41.0.tgz",
			"integrity": "sha512-yM6eYD8Kgrk2cHa+zN3GYIK4Mt6EsSxDIpaArE6JopqRpalULjiOk83hWVPR1V95xphnzYAWM1YF6I6JexE9kw==",
			"requires": {
				"@material/base": "^0.41.0",
				"@material/ripple": "^0.41.0",
				"@material/rtl": "^0.40.1",
				"@material/tab-indicator": "^0.41.0",
				"@material/theme": "^0.41.0",
				"@material/typography": "^0.41.0"
			}
		},
		"@material/tab-bar": {
			"version": "0.41.0",
			"resolved": "https://registry.npmjs.org/@material/tab-bar/-/tab-bar-0.41.0.tgz",
			"integrity": "sha512-RL+0CA4ZeZAmhz3vlyFsm8h9sLim8JHTLkosfZSYRnx2o9iQHQHpV58jz76ZSWG+0iuDoHFnwZ2oNKNmImn0KQ==",
			"requires": {
				"@material/base": "^0.41.0",
				"@material/elevation": "^0.41.0",
				"@material/tab": "^0.41.0",
				"@material/tab-scroller": "^0.41.0"
			}
		},
		"@material/tab-indicator": {
			"version": "0.41.0",
			"resolved": "https://registry.npmjs.org/@material/tab-indicator/-/tab-indicator-0.41.0.tgz",
			"integrity": "sha512-IBJEO+O8OnFVgRAn4CCGccpyNPF1bvTp5+1foD46S2u7XZLD7ejfxTQhqE5HYWtVLQ3zk1aYo3+N9+oSUkpM2w==",
			"requires": {
				"@material/animation": "^0.41.0",
				"@material/base": "^0.41.0",
				"@material/theme": "^0.41.0"
			}
		},
		"@material/tab-scroller": {
			"version": "0.41.0",
			"resolved": "https://registry.npmjs.org/@material/tab-scroller/-/tab-scroller-0.41.0.tgz",
			"integrity": "sha512-dyxaxLLSiDigIUVJ0BwqnKBtBseALrOhmPgvk6BQVDbynnRQ2bOvaNZ7cbpe3A0i8zOQGOoTZF4i9D38/iubcg==",
			"requires": {
				"@material/animation": "^0.41.0",
				"@material/base": "^0.41.0",
				"@material/tab": "^0.41.0"
			}
		},
		"@material/textfield": {
			"version": "0.41.0",
			"resolved": "https://registry.npmjs.org/@material/textfield/-/textfield-0.41.0.tgz",
			"integrity": "sha512-kJ52W2gxOS2xfpreVhvHQ1u3UkiDl58duw9HkhEkK5Oi1bSDOtbnlWy0pGTOiAma5ZQgetPNgoa+T0zMBptfnw==",
			"requires": {
				"@material/animation": "^0.41.0",
				"@material/base": "^0.41.0",
				"@material/floating-label": "^0.41.0",
				"@material/line-ripple": "^0.41.0",
				"@material/notched-outline": "^0.41.0",
				"@material/ripple": "^0.41.0",
				"@material/rtl": "^0.40.1",
				"@material/shape": "^0.41.0",
				"@material/theme": "^0.41.0",
				"@material/typography": "^0.41.0"
			}
		},
		"@material/theme": {
			"version": "0.41.0",
			"resolved": "https://registry.npmjs.org/@material/theme/-/theme-0.41.0.tgz",
			"integrity": "sha512-ohW2JxObKOWvP34EkIIcrEVtL3g0Gs/T3/MdOsM36euyshY8Jwl1f6fjVUQvVjSpixUtSb30/+ulblF8fTOwBg=="
		},
		"@material/toolbar": {
			"version": "0.41.0",
			"resolved": "https://registry.npmjs.org/@material/toolbar/-/toolbar-0.41.0.tgz",
			"integrity": "sha512-fAZSGM9xyVNI8FI92kmmvNCV4fzEWJBd1q9qMOqbna5AVtbJRNlGSY5HNgEi0vHi/nmY3UXD+VvDbLgoTXtdGg==",
			"requires": {
				"@material/base": "^0.41.0",
				"@material/elevation": "^0.41.0",
				"@material/ripple": "^0.41.0",
				"@material/rtl": "^0.40.1",
				"@material/theme": "^0.41.0",
				"@material/typography": "^0.41.0"
			}
		},
		"@material/top-app-bar": {
			"version": "0.41.0",
			"resolved": "https://registry.npmjs.org/@material/top-app-bar/-/top-app-bar-0.41.0.tgz",
			"integrity": "sha512-U3MK6pdzyfXC3zttsrEYihzR7aRqnKM3w2MWRwI0iub/lFygVOSa4qQfaJhwjz9TTyxB8tdtZOXBpEVDsH+xmA==",
			"requires": {
				"@material/animation": "^0.41.0",
				"@material/base": "^0.41.0",
				"@material/elevation": "^0.41.0",
				"@material/ripple": "^0.41.0",
				"@material/rtl": "^0.40.1",
				"@material/shape": "^0.41.0",
				"@material/theme": "^0.41.0",
				"@material/typography": "^0.41.0"
			}
		},
		"@material/typography": {
			"version": "0.41.0",
			"resolved": "https://registry.npmjs.org/@material/typography/-/typography-0.41.0.tgz",
			"integrity": "sha512-15dlqSU+9uGcWdg4KXXcmDzTKJPb7/5Z9kmooONb2Laot1uiuntDXQS0yL+U2FYLW5Ros+WVMosDBKFruWx68A=="
		},
		"@rmwc/base": {
			"version": "4.0.1",
			"resolved": "https://registry.npmjs.org/@rmwc/base/-/base-4.0.1.tgz",
			"integrity": "sha512-pTdkvtUgcSiTzxaSNxGpiHf8vc6PDLPq3mt/uyTFytbGU55nwnrViWOoYHsJ7FEzZ/WMj1PfVR+iFam4yNCbxw==",
			"requires": {
				"classnames": "^2.2.5",
				"hyperform": "^0.9.9",
				"mutation-observer": "^1.0.3",
				"prop-types": "^15.6.1"
			}
		},
		"@rmwc/button": {
			"version": "4.0.1",
			"resolved": "https://registry.npmjs.org/@rmwc/button/-/button-4.0.1.tgz",
			"integrity": "sha512-C57vuxi3ZEbB6ldo8XGE96VXtsHQNwdw3EBeW2JR5XlXa4H5snI5bmc984goQlAX7UJepqVH+Yw8UQ5mWkLW/A==",
			"requires": {
				"@material/button": "~0.41.0",
				"@rmwc/base": "^4.0.1",
				"@rmwc/icon": "^4.0.1",
				"@rmwc/provider": "^4.0.1",
				"@rmwc/ripple": "^4.0.1"
			}
		},
		"@rmwc/card": {
			"version": "4.0.1",
			"resolved": "https://registry.npmjs.org/@rmwc/card/-/card-4.0.1.tgz",
			"integrity": "sha512-wh6PnBLd/czjsTCeGEv8HWITQhEorNILSMt2v8unpNCYvAyuP/LxGR+jMPX7uL1458uFR0YI56dpDPuxw5Vg+g==",
			"requires": {
				"@material/card": "~0.41.0",
				"@rmwc/base": "^4.0.1",
				"@rmwc/button": "^4.0.1",
				"@rmwc/icon-button": "^4.0.1",
				"@rmwc/ripple": "^4.0.1"
			}
		},
		"@rmwc/checkbox": {
			"version": "4.0.1",
			"resolved": "https://registry.npmjs.org/@rmwc/checkbox/-/checkbox-4.0.1.tgz",
			"integrity": "sha512-lHe321KW+e4hPIlj6ewv/A2O/xt7sUWo5V4K05/l3ey7i8jqyqfatfqT9gDgdwwBKERt4nFsZFTocnNIA/YRMQ==",
			"requires": {
				"@material/animation": "~0.41.0",
				"@material/checkbox": "~0.41.0",
				"@rmwc/base": "^4.0.1",
				"@rmwc/formfield": "^4.0.1",
				"@rmwc/ripple": "^4.0.1"
			}
		},
		"@rmwc/chip": {
			"version": "4.0.1",
			"resolved": "https://registry.npmjs.org/@rmwc/chip/-/chip-4.0.1.tgz",
			"integrity": "sha512-aQqg4PfR9TqWVBH2p9KKQdUkDrKrQYgTZ1rhmQQW3ZbSBcfv3Hih1gqHqDUJQZsMXj6Npk4XMhMk1aYmGzU+dg==",
			"requires": {
				"@material/chips": "~0.41.0",
				"@rmwc/base": "^4.0.1",
				"@rmwc/icon": "^4.0.1",
				"@rmwc/ripple": "^4.0.1"
			}
		},
		"@rmwc/circular-progress": {
			"version": "4.0.1",
			"resolved": "https://registry.npmjs.org/@rmwc/circular-progress/-/circular-progress-4.0.1.tgz",
			"integrity": "sha512-kJdnwFyBfZ1hw4yyDQBfe/QlD4oEKXNcXCnqJOGbvap3Opmm7d08TF11DRCpe7uxp5fbF5SfcZdYGcLZ8eDwCw==",
			"requires": {
				"@rmwc/base": "^4.0.1"
			}
		},
		"@rmwc/data-table": {
			"version": "4.0.1",
			"resolved": "https://registry.npmjs.org/@rmwc/data-table/-/data-table-4.0.1.tgz",
			"integrity": "sha512-5bb7em6P9tdrDSdFX0KpGN+h68W3sJdoPuZZ/5sRWdqeBrvpqfeK9SxhKBKfofUoxkV0KIsK81LArR7uh7JYyg==",
			"requires": {
				"@rmwc/base": "^4.0.1",
				"@rmwc/icon": "^4.0.1"
			}
		},
		"@rmwc/dialog": {
			"version": "4.0.1",
			"resolved": "https://registry.npmjs.org/@rmwc/dialog/-/dialog-4.0.1.tgz",
			"integrity": "sha512-FrkL2fOtROl/R3WlJ6r9O3ztM5ZJpfbaYPDYW1ghtPu6+fftx2fz+xjwTI4NgqxL3xI1hl6ls1anpqkzalob7w==",
			"requires": {
				"@material/dialog": "~0.41.0",
				"@material/dom": "~0.41.0",
				"@rmwc/base": "^4.0.1",
				"@rmwc/button": "^4.0.1",
				"focus-trap": "^2.3.0"
			}
		},
		"@rmwc/drawer": {
			"version": "4.0.1",
			"resolved": "https://registry.npmjs.org/@rmwc/drawer/-/drawer-4.0.1.tgz",
			"integrity": "sha512-uvSOeAmlgl4e+DYn0ksrFUL8RECtVbzMmhQcC2vdZfuKPSkOKiUL09m2fnlQO/bXnJWKiu52dTOh09I/S4TDIA==",
			"requires": {
				"@material/drawer": "~0.41.0",
				"@rmwc/base": "^4.0.1"
			}
		},
		"@rmwc/elevation": {
			"version": "4.0.1",
			"resolved": "https://registry.npmjs.org/@rmwc/elevation/-/elevation-4.0.1.tgz",
			"integrity": "sha512-o7o9/oajoDeA6w3uR8ZLYNIaSUALlDeWxKscnMO3UVTQ5u66OO/9TS/UbOE9TtZZ392fJpKGy2gOtx4z22ZmtQ==",
			"requires": {
				"@material/elevation": "~0.41.0",
				"@rmwc/base": "^4.0.1"
			}
		},
		"@rmwc/fab": {
			"version": "4.0.1",
			"resolved": "https://registry.npmjs.org/@rmwc/fab/-/fab-4.0.1.tgz",
			"integrity": "sha512-JtYZP6O+GMR3yIQsV+uePwPd951VXW7hrYcYvraMq9CPTpcEtL38LuBH1HGAVrHdhaXJWQQVBPP6ZK78U+446Q==",
			"requires": {
				"@material/fab": "~0.41.0",
				"@rmwc/base": "^4.0.1",
				"@rmwc/icon": "^4.0.1",
				"@rmwc/provider": "^4.0.1",
				"@rmwc/ripple": "^4.0.1"
			}
		},
		"@rmwc/floating-label": {
			"version": "4.0.1",
			"resolved": "https://registry.npmjs.org/@rmwc/floating-label/-/floating-label-4.0.1.tgz",
			"integrity": "sha512-ZdOF+tSbHtsnQ+lrzkjszqAh7qLKzL9XrjE+865V5Z46fbry9Nyrlc4UJ9ILGWbjm47IUQcH4PxtRBg1o3ivdA==",
			"requires": {
				"@material/floating-label": "~0.41.0",
				"@rmwc/base": "^4.0.1"
			}
		},
		"@rmwc/formfield": {
			"version": "4.0.1",
			"resolved": "https://registry.npmjs.org/@rmwc/formfield/-/formfield-4.0.1.tgz",
			"integrity": "sha512-l5aPgYi1MZnuzyLvMpe7yioVxG+sXSFbzg5Fc3fuUZvxt+vwiYOQr0596mD9XQgOHjzddfX19mpbXZEzmGpjVg==",
			"requires": {
				"@material/form-field": "~0.41.0",
				"@rmwc/base": "^4.0.1"
			}
		},
		"@rmwc/grid": {
			"version": "4.0.1",
			"resolved": "https://registry.npmjs.org/@rmwc/grid/-/grid-4.0.1.tgz",
			"integrity": "sha512-76vVG4yQaJRTPdxk3HSvatcBjAROTgvaz/CB5zLjL9yZU2RqWzJLXj6JhftQtOuI+AkaWP7GdMw1RCKa1DUg6Q==",
			"requires": {
				"@material/layout-grid": "~0.39.0",
				"@rmwc/base": "^4.0.1"
			}
		},
		"@rmwc/grid-list": {
			"version": "4.0.1",
			"resolved": "https://registry.npmjs.org/@rmwc/grid-list/-/grid-list-4.0.1.tgz",
			"integrity": "sha512-wa2jFEKsD6OC/Hn0qWB95X2i+/rx3SBWpOOl+jNVw3RaUqxTM3goONLKti+IiSOGpOpC/5hj2eTtznpEBUNtMg==",
			"requires": {
				"@material/grid-list": "~0.41.0",
				"@rmwc/base": "^4.0.1",
				"@rmwc/icon": "^4.0.1"
			}
		},
		"@rmwc/icon": {
			"version": "4.0.1",
			"resolved": "https://registry.npmjs.org/@rmwc/icon/-/icon-4.0.1.tgz",
			"integrity": "sha512-VpwIMKC1nX3/kWb/O6MJW/XfYOuFRVocUr2m71K9VWk08CouEgfkhbFCb/IITt13/VagwLo8orIhvqHHHaHJWA==",
			"requires": {
				"@rmwc/base": "^4.0.1",
				"@rmwc/provider": "^4.0.1"
			}
		},
		"@rmwc/icon-button": {
			"version": "4.0.1",
			"resolved": "https://registry.npmjs.org/@rmwc/icon-button/-/icon-button-4.0.1.tgz",
			"integrity": "sha512-jkL2YMHPyvSleqzEk1HLvuMlSfkoARjhv3vRmeQUkrlmA/AsDx90DRQpX6sYixJ2JiXVn7KrK6JGKIF6uEtESw==",
			"requires": {
				"@material/icon-button": "~0.41.0",
				"@rmwc/base": "^4.0.1",
				"@rmwc/icon": "^4.0.1",
				"@rmwc/ripple": "^4.0.1"
			}
		},
		"@rmwc/image-list": {
			"version": "4.0.1",
			"resolved": "https://registry.npmjs.org/@rmwc/image-list/-/image-list-4.0.1.tgz",
			"integrity": "sha512-7d8XUjBfNL9OTT1UJhgz0AgUbDN+hB3x3P0ETrzra1a/gjuEY4npbhfLV9uq5eIhjiezeAJybYRqi1jM9msTjw==",
			"requires": {
				"@material/image-list": "~0.41.0",
				"@rmwc/base": "^4.0.1"
			}
		},
		"@rmwc/line-ripple": {
			"version": "4.0.1",
			"resolved": "https://registry.npmjs.org/@rmwc/line-ripple/-/line-ripple-4.0.1.tgz",
			"integrity": "sha512-0UhI9AorPXrw94dwrVeObQaexxAtBwPOjm/pw0S11SRW/UXIMv0N6NCt4wxhzzlEG6mOKKtr73VZnF9E+T2lQA==",
			"requires": {
				"@material/line-ripple": "~0.41.0",
				"@rmwc/base": "^4.0.1"
			}
		},
		"@rmwc/linear-progress": {
			"version": "4.0.1",
			"resolved": "https://registry.npmjs.org/@rmwc/linear-progress/-/linear-progress-4.0.1.tgz",
			"integrity": "sha512-YxAdTuBd5nE9UF8EDCz0S5M9EFuQWtG2vSPyA7w5BIYQOvisC26LLMAj/6tmeWbIh+VvpySbAU2Iu3tmN+T7jA==",
			"requires": {
				"@material/linear-progress": "~0.41.0",
				"@rmwc/base": "^4.0.1"
			}
		},
		"@rmwc/list": {
			"version": "4.0.1",
			"resolved": "https://registry.npmjs.org/@rmwc/list/-/list-4.0.1.tgz",
			"integrity": "sha512-xNpe9KGi73kFPDcACAiQW254FenZus/xgFae8ipWfviMxcDLyikjonihrQthElLp2qwKpeoQ9lN9dqwihCDLng==",
			"requires": {
				"@material/list": "~0.41.0",
				"@rmwc/base": "^4.0.1",
				"@rmwc/icon": "^4.0.1",
				"@rmwc/provider": "^4.0.1",
				"@rmwc/ripple": "^4.0.1"
			}
		},
		"@rmwc/menu": {
			"version": "4.0.1",
			"resolved": "https://registry.npmjs.org/@rmwc/menu/-/menu-4.0.1.tgz",
			"integrity": "sha512-0+4iSuHu8NKyQaEchfuKi8qcFCb6bV1nvRAWm6qEBL9GM6/q4OV5xrwdWNbiq0fvW0j5RbwU5+AzSWqJX/GE7Q==",
			"requires": {
				"@material/menu": "~0.41.0",
				"@material/menu-surface": "~0.41.0",
				"@rmwc/base": "^4.0.1",
				"@rmwc/list": "^4.0.1"
			}
		},
		"@rmwc/notched-outline": {
			"version": "4.0.1",
			"resolved": "https://registry.npmjs.org/@rmwc/notched-outline/-/notched-outline-4.0.1.tgz",
			"integrity": "sha512-IkQmIHd+v6g6lcAL2uX+QVlOXjP6nY46X8UBuvz+RHR883ir8faYuCjrKpCmVtiGNfyL/UrhE8sh2pqaiTljTQ==",
			"requires": {
				"@material/notched-outline": "~0.41.0",
				"@rmwc/base": "^4.0.1"
			}
		},
		"@rmwc/provider": {
			"version": "4.0.1",
			"resolved": "https://registry.npmjs.org/@rmwc/provider/-/provider-4.0.1.tgz",
			"integrity": "sha512-sKT/J0SjQ6ZTehkyaytx0R5O+Vz1mxivpTvq4Husaf3ivhDSFh10VH1ppDR5e5//yXvLyXLgDSPWtlO8eZkTHQ==",
			"requires": {
				"@rmwc/base": "^4.0.1"
			}
		},
		"@rmwc/radio": {
			"version": "4.0.1",
			"resolved": "https://registry.npmjs.org/@rmwc/radio/-/radio-4.0.1.tgz",
			"integrity": "sha512-rEeZcjULZkI2/wqVUHpvtqK/U7iekeTFNJsfvMpVx1to47hZFKdleXtdbObRpEanv8NFzEe+EWDZqNRERTlN6w==",
			"requires": {
				"@material/radio": "~0.41.0",
				"@rmwc/base": "^4.0.1",
				"@rmwc/formfield": "^4.0.1",
				"@rmwc/ripple": "^4.0.1"
			}
		},
		"@rmwc/ripple": {
			"version": "4.0.1",
			"resolved": "https://registry.npmjs.org/@rmwc/ripple/-/ripple-4.0.1.tgz",
			"integrity": "sha512-x7yfPbXGWZWM/isUWrjz7w5DjrtbgNny2HMN8AVX/R3MlalCpS+DMOkc5kUjBxgU8+9kf4u7jfE/+baNh7aZ+A==",
			"requires": {
				"@material/ripple": "~0.41.0",
				"@rmwc/base": "^4.0.1"
			}
		},
		"@rmwc/select": {
			"version": "4.0.1",
			"resolved": "https://registry.npmjs.org/@rmwc/select/-/select-4.0.1.tgz",
			"integrity": "sha512-aIwuRPPrbIjklGsIHRzIOCzb7euJdrs6o+RK1PGfcPZGuAtTZLLXzsOHd5iZ/k2bCYmH8eV1Pt2LCcw2glLzvw==",
			"requires": {
				"@material/select": "~0.41.0",
				"@rmwc/base": "^4.0.1",
				"@rmwc/floating-label": "^4.0.1",
				"@rmwc/icon": "^4.0.1",
				"@rmwc/line-ripple": "^4.0.1",
				"@rmwc/list": "^4.0.1",
				"@rmwc/menu": "^4.0.1",
				"@rmwc/notched-outline": "^4.0.1"
			}
		},
		"@rmwc/slider": {
			"version": "4.0.1",
			"resolved": "https://registry.npmjs.org/@rmwc/slider/-/slider-4.0.1.tgz",
			"integrity": "sha512-RigNomGPGShLBuQxIwCXrMz+v3vplnC4+eqSB1rbrTefQgSGPg4C+tGvJDbTmUOTlVcN+RmqjA/ZtSehyA6Y/w==",
			"requires": {
				"@material/slider": "~0.41.0",
				"@rmwc/base": "^4.0.1"
			}
		},
		"@rmwc/snackbar": {
			"version": "4.0.1",
			"resolved": "https://registry.npmjs.org/@rmwc/snackbar/-/snackbar-4.0.1.tgz",
			"integrity": "sha512-gSEV6xPBAyev/+jUqrbHsfA1WdNOocswW5Sctysq+w3L01RVi5crC7LZNkjqlgH480X5hxewfVIMtP+De0zwuQ==",
			"requires": {
				"@material/animation": "~0.39.0",
				"@material/snackbar": "~0.41.0",
				"@rmwc/base": "^4.0.1",
				"@rmwc/button": "^4.0.1"
			},
			"dependencies": {
				"@material/animation": {
					"version": "0.39.0",
					"resolved": "https://registry.npmjs.org/@material/animation/-/animation-0.39.0.tgz",
					"integrity": "sha512-f3BGCba0GdYY+eGFnK0L08HLyljgEyBvMLoJoutP225IpvzsLLTqumL/796nFCsouWn6E3G+8BUVjAtzTjU2lA=="
				}
			}
		},
		"@rmwc/switch": {
			"version": "4.0.1",
			"resolved": "https://registry.npmjs.org/@rmwc/switch/-/switch-4.0.1.tgz",
			"integrity": "sha512-dvbD81kyNTJcmR/RY2q0kWxnqgUOgd49/Wj3n18p70YmjoGt+5aeFJL62x7yUaGNp6FPL6wzODTay8YV4SejbA==",
			"requires": {
				"@material/switch": "~0.41.0",
				"@rmwc/base": "^4.0.1",
				"@rmwc/button": "^4.0.1",
				"@rmwc/formfield": "^4.0.1",
				"@rmwc/ripple": "^4.0.1"
			}
		},
		"@rmwc/tabs": {
			"version": "4.0.1",
			"resolved": "https://registry.npmjs.org/@rmwc/tabs/-/tabs-4.0.1.tgz",
			"integrity": "sha512-xNlf2Q+gYZktfKJ1UUX5O7QoNdh46diutfL4cCpzv2XPxSCv3P3bw2rTaheHV9s+IQ3mDJPegmfnDDt3AIlRaQ==",
			"requires": {
				"@material/tab": "~0.41.0",
				"@material/tab-bar": "~0.41.0",
				"@material/tab-indicator": "~0.41.0",
				"@material/tab-scroller": "~0.41.0",
				"@rmwc/base": "^4.0.1",
				"@rmwc/icon": "^4.0.1"
			}
		},
		"@rmwc/textfield": {
			"version": "4.0.1",
			"resolved": "https://registry.npmjs.org/@rmwc/textfield/-/textfield-4.0.1.tgz",
			"integrity": "sha512-yLzcndYWz3Mp35odFXKkpSpfY7FIjRhnojxEobFPTrTo17aIPnTLQqZEl3p+HFJ/r2ab+ONupBUHDIfMb6KqPw==",
			"requires": {
				"@material/textfield": "~0.41.0",
				"@rmwc/base": "^4.0.1",
				"@rmwc/floating-label": "^4.0.1",
				"@rmwc/icon": "^4.0.1",
				"@rmwc/line-ripple": "^4.0.1",
				"@rmwc/notched-outline": "^4.0.1"
			}
		},
		"@rmwc/theme": {
			"version": "4.0.1",
			"resolved": "https://registry.npmjs.org/@rmwc/theme/-/theme-4.0.1.tgz",
			"integrity": "sha512-dcERHLscpO0GRhHXy5XliTmaP42qnC0UV3QadF9VCwxWtEMcBV4XrpA+UkylGUEFTZ3vh+DMZs0XfxTj4kd82w==",
			"requires": {
				"@material/theme": "~0.41.0",
				"@rmwc/base": "^4.0.1"
			}
		},
		"@rmwc/toolbar": {
			"version": "4.0.1",
			"resolved": "https://registry.npmjs.org/@rmwc/toolbar/-/toolbar-4.0.1.tgz",
			"integrity": "sha512-3+lVjja+4lEs2ZsqWlrmQjQxmxZi3xs9aTS+zD4Y3Lzeg58m1zLvS3OP+TYTPj+Bgz2yVccRof1iEaZAG7bDTQ==",
			"requires": {
				"@material/toolbar": "~0.41.0",
				"@rmwc/base": "^4.0.1",
				"@rmwc/icon": "^4.0.1"
			}
		},
		"@rmwc/top-app-bar": {
			"version": "4.0.1",
			"resolved": "https://registry.npmjs.org/@rmwc/top-app-bar/-/top-app-bar-4.0.1.tgz",
			"integrity": "sha512-sS6FyriaqJF8SN/GNIhPggZmmTRN7W/H37faEEZw2mkmWN8hm6AVjdsKeERBAzNG16IRj/mmQRWf1zzZRsU4eQ==",
			"requires": {
				"@material/top-app-bar": "~0.41.0",
				"@rmwc/base": "^4.0.1",
				"@rmwc/icon": "^4.0.1"
			}
		},
		"@rmwc/typography": {
			"version": "4.0.1",
			"resolved": "https://registry.npmjs.org/@rmwc/typography/-/typography-4.0.1.tgz",
			"integrity": "sha512-Lfx0ClgNmyUPg2RKjP4Up2oDob8P+tVy3ZYA0EoAKKj/lsMApRFX6ypRmAS1Q+gU4oyZDMUt8K0l8zjxhd88hg==",
			"requires": {
				"@material/typography": "~0.39.0",
				"@rmwc/base": "^4.0.1"
			},
			"dependencies": {
				"@material/typography": {
					"version": "0.39.0",
					"resolved": "https://registry.npmjs.org/@material/typography/-/typography-0.39.0.tgz",
					"integrity": "sha512-S7YTR2mXuAaPvsgX6jyT1YvWQhH2xHWi+SKJvlunoF/Dw6vq6Ud+APmqigHVRPNCcFt4zkbM7C64IxYjjkIApQ=="
				}
			}
		},
		"@types/prop-types": {
			"version": "15.5.6",
			"resolved": "https://registry.npmjs.org/@types/prop-types/-/prop-types-15.5.6.tgz",
			"integrity": "sha512-ZBFR7TROLVzCkswA3Fmqq+IIJt62/T7aY/Dmz+QkU7CaW2QFqAitCE8Ups7IzmGhcN1YWMBT4Qcoc07jU9hOJQ==",
			"dev": true
		},
		"@types/react": {
			"version": "16.4.16",
			"dev": true,
			"requires": {
				"@types/prop-types": "*",
				"csstype": "^2.2.0"
			}
		},
		"classnames": {
			"version": "2.2.6",
			"resolved": "https://registry.npmjs.org/classnames/-/classnames-2.2.6.tgz",
			"integrity": "sha512-JR/iSQOSt+LQIWwrwEzJ9uk0xfN3mTVYMwt1Ir5mUcSN6pU+V4zQFFaJsclJbPuAUQH+yfWef6tm7l1quW3C8Q=="
		},
		"csstype": {
			"version": "2.5.5",
			"resolved": "https://registry.npmjs.org/csstype/-/csstype-2.5.5.tgz",
			"integrity": "sha512-EGMjeoiN3aqEX5u/cyH5mSdGBDGdLcCQvcEcBWNGFSPXKd9uOTIeVG91YQ22OxI44DKpvI+4C7VUSmEpsHWJaA==",
			"dev": true
		},
		"focus-trap": {
			"version": "2.4.6",
			"resolved": "https://registry.npmjs.org/focus-trap/-/focus-trap-2.4.6.tgz",
			"integrity": "sha512-vWZTPtBU6pBoyWZDRZJHkXsyP2ZCZBHE3DRVXnSVdQKH/mcDtu9S5Kz8CUDyIqpfZfLEyI9rjKJLnc4Y40BRBg==",
			"requires": {
				"tabbable": "^1.0.3"
			}
		},
		"framer": {
			"version": "0.10.1",
			"dev": true
		},
		"hyperform": {
			"version": "0.9.21",
			"resolved": "https://registry.npmjs.org/hyperform/-/hyperform-0.9.21.tgz",
			"integrity": "sha512-XHT5OiBs93G4XDwn4tXCGk8fCUWvboPUvSKnm5LCQPds24xFS+Qdwa9fXgcsd8H7DjCHgD+9Ty5hpLmTC+PJBQ=="
		},
		"js-tokens": {
			"version": "4.0.0",
			"resolved": "https://registry.npmjs.org/js-tokens/-/js-tokens-4.0.0.tgz",
			"integrity": "sha512-RdJUflcE3cUzKiMqQgsCu06FPu9UdIJO0beYbPhHN4k6apgJtifcoCtT9bcxOpYBtpD2kCM6Sbzg4CausW/PKQ=="
		},
		"loose-envify": {
			"version": "1.4.0",
			"resolved": "https://registry.npmjs.org/loose-envify/-/loose-envify-1.4.0.tgz",
			"integrity": "sha512-lyuxPGr/Wfhrlem2CL/UcnUc1zcqKAImBDzukY7Y5F/yQiNdko6+fRLevlw1HgMySw7f611UIY408EtxRSoK3Q==",
			"requires": {
				"js-tokens": "^3.0.0 || ^4.0.0"
			}
		},
		"material-components-web": {
			"version": "0.41.1",
			"resolved": "https://registry.npmjs.org/material-components-web/-/material-components-web-0.41.1.tgz",
			"integrity": "sha512-/LGHx4GlGeQz7oYWGNU6OJ3lkDSZs7J+2B9jdIkRmTdvAuHJwiZzeDWAywo5s9IOmg2OSmAOdUCcoAkoagYFKg==",
			"requires": {
				"@material/animation": "^0.41.0",
				"@material/auto-init": "^0.41.0",
				"@material/base": "^0.41.0",
				"@material/button": "^0.41.0",
				"@material/card": "^0.41.1",
				"@material/checkbox": "^0.41.0",
				"@material/chips": "^0.41.0",
				"@material/dialog": "^0.41.0",
				"@material/dom": "^0.41.0",
				"@material/drawer": "^0.41.1",
				"@material/elevation": "^0.41.0",
				"@material/fab": "^0.41.0",
				"@material/floating-label": "^0.41.0",
				"@material/form-field": "^0.41.0",
				"@material/grid-list": "^0.41.0",
				"@material/icon-button": "^0.41.0",
				"@material/icon-toggle": "^0.41.0",
				"@material/image-list": "^0.41.0",
				"@material/layout-grid": "^0.41.0",
				"@material/line-ripple": "^0.41.0",
				"@material/linear-progress": "^0.41.0",
				"@material/list": "^0.41.0",
				"@material/menu": "^0.41.0",
				"@material/menu-surface": "^0.41.0",
				"@material/notched-outline": "^0.41.0",
				"@material/radio": "^0.41.0",
				"@material/ripple": "^0.41.0",
				"@material/rtl": "^0.40.1",
				"@material/select": "^0.41.0",
				"@material/selection-control": "^0.41.0",
				"@material/shape": "^0.41.0",
				"@material/slider": "^0.41.0",
				"@material/snackbar": "^0.41.0",
				"@material/switch": "^0.41.0",
				"@material/tab": "^0.41.0",
				"@material/tab-bar": "^0.41.0",
				"@material/tab-indicator": "^0.41.0",
				"@material/tab-scroller": "^0.41.0",
				"@material/textfield": "^0.41.0",
				"@material/theme": "^0.41.0",
				"@material/toolbar": "^0.41.0",
				"@material/top-app-bar": "^0.41.0",
				"@material/typography": "^0.41.0"
			},
			"dependencies": {
				"@material/layout-grid": {
					"version": "0.41.0",
					"resolved": "https://registry.npmjs.org/@material/layout-grid/-/layout-grid-0.41.0.tgz",
					"integrity": "sha512-Sa5RNoTGgfIojqJ9E94p7/k11V6q/tGk7HwKi4AQNAPjxield0zcl3G/SbsSb8YSHoK+D+7OXDN+n11x6EqF7g=="
				}
			}
		},
		"mutation-observer": {
			"version": "1.0.3",
			"resolved": "https://registry.npmjs.org/mutation-observer/-/mutation-observer-1.0.3.tgz",
			"integrity": "sha512-M/O/4rF2h776hV7qGMZUH3utZLO/jK7p8rnNgGkjKUw8zCGjRQPxB8z6+5l8+VjRUQ3dNYu4vjqXYLr+U8ZVNA=="
		},
		"object-assign": {
			"version": "4.1.1",
			"resolved": "https://registry.npmjs.org/object-assign/-/object-assign-4.1.1.tgz",
			"integrity": "sha1-IQmtx5ZYh8/AXLvUQsrIv7s2CGM="
		},
		"prop-types": {
			"version": "15.6.2",
			"resolved": "https://registry.npmjs.org/prop-types/-/prop-types-15.6.2.tgz",
			"integrity": "sha512-3pboPvLiWD7dkI3qf3KbUe6hKFKa52w+AE0VCqECtf+QHAKgOL37tTaNCnuX1nAAQ4ZhyP+kYVKf8rLmJ/feDQ==",
			"requires": {
				"loose-envify": "^1.3.1",
				"object-assign": "^4.1.1"
			}
		},
		"rmwc": {
			"version": "4.0.1",
			"resolved": "https://registry.npmjs.org/rmwc/-/rmwc-4.0.1.tgz",
			"integrity": "sha512-EDydnLCAbwlVrYuMn1L2PNGJMHKAYi2AQb2TD//MTwet5iLpwn9dl6vriIjC5aoj43hx3NUh/AnEIdAhXSgwsQ==",
			"requires": {
				"@rmwc/base": "^4.0.1",
				"@rmwc/button": "^4.0.1",
				"@rmwc/card": "^4.0.1",
				"@rmwc/checkbox": "^4.0.1",
				"@rmwc/chip": "^4.0.1",
				"@rmwc/circular-progress": "^4.0.1",
				"@rmwc/data-table": "^4.0.1",
				"@rmwc/dialog": "^4.0.1",
				"@rmwc/drawer": "^4.0.1",
				"@rmwc/elevation": "^4.0.1",
				"@rmwc/fab": "^4.0.1",
				"@rmwc/floating-label": "^4.0.1",
				"@rmwc/formfield": "^4.0.1",
				"@rmwc/grid": "^4.0.1",
				"@rmwc/grid-list": "^4.0.1",
				"@rmwc/icon": "^4.0.1",
				"@rmwc/icon-button": "^4.0.1",
				"@rmwc/image-list": "^4.0.1",
				"@rmwc/line-ripple": "^4.0.1",
				"@rmwc/linear-progress": "^4.0.1",
				"@rmwc/list": "^4.0.1",
				"@rmwc/menu": "^4.0.1",
				"@rmwc/notched-outline": "^4.0.1",
				"@rmwc/provider": "^4.0.1",
				"@rmwc/radio": "^4.0.1",
				"@rmwc/ripple": "^4.0.1",
				"@rmwc/select": "^4.0.1",
				"@rmwc/slider": "^4.0.1",
				"@rmwc/snackbar": "^4.0.1",
				"@rmwc/switch": "^4.0.1",
				"@rmwc/tabs": "^4.0.1",
				"@rmwc/textfield": "^4.0.1",
				"@rmwc/theme": "^4.0.1",
				"@rmwc/toolbar": "^4.0.1",
				"@rmwc/top-app-bar": "^4.0.1",
				"@rmwc/typography": "^4.0.1",
				"material-components-web": "~0.41.0"
			}
		},
		"tabbable": {
			"version": "1.1.3",
			"resolved": "https://registry.npmjs.org/tabbable/-/tabbable-1.1.3.tgz",
			"integrity": "sha512-nOWwx35/JuDI4ONuF0ZTo6lYvI0fY0tZCH1ErzY2EXfu4az50ZyiUX8X073FLiZtmWUVlkRnuXsehjJgCw9tYg=="
		},
		"xtend": {
			"version": "4.0.1",
			"resolved": "https://registry.npmjs.org/xtend/-/xtend-4.0.1.tgz",
			"integrity": "sha1-pcbVMr5lbiPbgg77lDofBJmNY68="
		}
	}
}
